
Microsoft Visual Studio Solution File, Format Version 12.00
# Visual Studio Version 17
VisualStudioVersion = 17.5.33516.290
MinimumVisualStudioVersion = 10.0.40219.1
Project("{FAE04EC0-301F-11D3-BF4B-00C04F79EFBC}") = "task01", "task01\task01.csproj", "{DD31249E-65B7-4F5C-A170-5FE7286A6F1E}"
EndProject
Global
	GlobalSection(SolutionConfigurationPlatforms) = preSolution
		Debug|Any CPU = Debug|Any CPU
		Release|Any CPU = Release|Any CPU
	EndGlobalSection
	GlobalSection(ProjectConfigurationPlatforms) = postSolution
		{DD31249E-65B7-4F5C-A170-5FE7286A6F1E}.Debug|Any CPU.ActiveCfg = Debug|Any CPU
		{DD31249E-65B7-4F5C-A170-5FE7286A6F1E}.Debug|Any CPU.Build.0 = Debug|Any CPU
		{DD31249E-65B7-4F5C-A170-5FE7286A6F1E}.Release|Any CPU.ActiveCfg = Release|Any CPU
		{DD31249E-65B7-4F5C-A170-5FE7286A6F1E}.Release|Any CPU.Build.0 = Release|Any CPU
	EndGlobalSection
	GlobalSection(SolutionProperties) = preSolution
		HideSolutionNode = FALSE
	EndGlobalSection
	GlobalSection(ExtensibilityGlobals) = postSolution
		SolutionGuid = {B80D043F-B898-446F-8543-68FAF09C89CF}
	EndGlobalSection
EndGlobal
