
Microsoft Visual Studio Solution File, Format Version 12.00
# Visual Studio Version 17
VisualStudioVersion = 17.5.33516.290
MinimumVisualStudioVersion = 10.0.40219.1
Project("{FAE04EC0-301F-11D3-BF4B-00C04F79EFBC}") = "task10", "task10\task10.csproj", "{B02E904B-89EC-4C34-B5A7-74D3CCFE6F6B}"
EndProject
Global
	GlobalSection(SolutionConfigurationPlatforms) = preSolution
		Debug|Any CPU = Debug|Any CPU
		Release|Any CPU = Release|Any CPU
	EndGlobalSection
	GlobalSection(ProjectConfigurationPlatforms) = postSolution
		{B02E904B-89EC-4C34-B5A7-74D3CCFE6F6B}.Debug|Any CPU.ActiveCfg = Debug|Any CPU
		{B02E904B-89EC-4C34-B5A7-74D3CCFE6F6B}.Debug|Any CPU.Build.0 = Debug|Any CPU
		{B02E904B-89EC-4C34-B5A7-74D3CCFE6F6B}.Release|Any CPU.ActiveCfg = Release|Any CPU
		{B02E904B-89EC-4C34-B5A7-74D3CCFE6F6B}.Release|Any CPU.Build.0 = Release|Any CPU
	EndGlobalSection
	GlobalSection(SolutionProperties) = preSolution
		HideSolutionNode = FALSE
	EndGlobalSection
	GlobalSection(ExtensibilityGlobals) = postSolution
		SolutionGuid = {91171992-C5EA-4C1D-8A47-03E07BAC0682}
	EndGlobalSection
EndGlobal
