
Microsoft Visual Studio Solution File, Format Version 12.00
# Visual Studio Version 17
VisualStudioVersion = 17.5.33516.290
MinimumVisualStudioVersion = 10.0.40219.1
Project("{FAE04EC0-301F-11D3-BF4B-00C04F79EFBC}") = "task17", "task17\task17.csproj", "{4A4330DF-53F0-4CD1-BF0E-71BEFA0D2215}"
EndProject
Global
	GlobalSection(SolutionConfigurationPlatforms) = preSolution
		Debug|Any CPU = Debug|Any CPU
		Release|Any CPU = Release|Any CPU
	EndGlobalSection
	GlobalSection(ProjectConfigurationPlatforms) = postSolution
		{4A4330DF-53F0-4CD1-BF0E-71BEFA0D2215}.Debug|Any CPU.ActiveCfg = Debug|Any CPU
		{4A4330DF-53F0-4CD1-BF0E-71BEFA0D2215}.Debug|Any CPU.Build.0 = Debug|Any CPU
		{4A4330DF-53F0-4CD1-BF0E-71BEFA0D2215}.Release|Any CPU.ActiveCfg = Release|Any CPU
		{4A4330DF-53F0-4CD1-BF0E-71BEFA0D2215}.Release|Any CPU.Build.0 = Release|Any CPU
	EndGlobalSection
	GlobalSection(SolutionProperties) = preSolution
		HideSolutionNode = FALSE
	EndGlobalSection
	GlobalSection(ExtensibilityGlobals) = postSolution
		SolutionGuid = {5D3DD751-EB99-4533-9AE0-04D4A840BB3B}
	EndGlobalSection
EndGlobal
